// !$*UTF8*$!
{
	archiveVersion = 1;
	classes = {
	};
	objectVersion = 56;
	objects = {

/* Begin PBXBuildFile section */
		A906CE0C2AEC4790003783AC /* AppDelegate.swift in Sources */ = {isa = PBXBuildFile; fileRef = A906CE0B2AEC4790003783AC /* AppDelegate.swift */; };
		A906CE0E2AEC4790003783AC /* SceneDelegate.swift in Sources */ = {isa = PBXBuildFile; fileRef = A906CE0D2AEC4790003783AC /* SceneDelegate.swift */; };
		A906CE102AEC4790003783AC /* ViewController.swift in Sources */ = {isa = PBXBuildFile; fileRef = A906CE0F2AEC4790003783AC /* ViewController.swift */; };
		A906CE152AEC4792003783AC /* Assets.xcassets in Resources */ = {isa = PBXBuildFile; fileRef = A906CE142AEC4792003783AC /* Assets.xcassets */; };
		A906CE182AEC4792003783AC /* LaunchScreen.storyboard in Resources */ = {isa = PBXBuildFile; fileRef = A906CE162AEC4792003783AC /* LaunchScreen.storyboard */; };
		A906CE232AEC4792003783AC /* _______________________Tests.swift in Sources */ = {isa = PBXBuildFile; fileRef = A906CE222AEC4792003783AC /* _______________________Tests.swift */; };
		A906CE2D2AEC4792003783AC /* _______________________UITests.swift in Sources */ = {isa = PBXBuildFile; fileRef = A906CE2C2AEC4792003783AC /* _______________________UITests.swift */; };
		A906CE2F2AEC4792003783AC /* _______________________UITestsLaunchTests.swift in Sources */ = {isa = PBXBuildFile; fileRef = A906CE2E2AEC4792003783AC /* _______________________UITestsLaunchTests.swift */; };
		A906CE3E2AEC6090003783AC /* HomePageVC.swift in Sources */ = {isa = PBXBuildFile; fileRef = A906CE3D2AEC6090003783AC /* HomePageVC.swift */; };
/* End PBXBuildFile section */

/* Begin PBXContainerItemProxy section */
		A906CE1F2AEC4792003783AC /* PBXContainerItemProxy */ = {
			isa = PBXContainerItemProxy;
			containerPortal = A906CE002AEC4790003783AC /* Project object */;
			proxyType = 1;
			remoteGlobalIDString = A906CE072AEC4790003783AC;
			remoteInfo = "მართლა.საბოლოო.დავალება";
		};
		A906CE292AEC4792003783AC /* PBXContainerItemProxy */ = {
			isa = PBXContainerItemProxy;
			containerPortal = A906CE002AEC4790003783AC /* Project object */;
			proxyType = 1;
			remoteGlobalIDString = A906CE072AEC4790003783AC;
			remoteInfo = "მართლა.საბოლოო.დავალება";
		};
/* End PBXContainerItemProxy section */

/* Begin PBXFileReference section */
		A906CE082AEC4790003783AC /* მართლა.საბოლოო.დავალება.app */ = {isa = PBXFileReference; explicitFileType = wrapper.application; includeInIndex = 0; path = "მართლა.საბოლოო.დავალება.app"; sourceTree = BUILT_PRODUCTS_DIR; };
		A906CE0B2AEC4790003783AC /* AppDelegate.swift */ = {isa = PBXFileReference; lastKnownFileType = sourcecode.swift; path = AppDelegate.swift; sourceTree = "<group>"; };
		A906CE0D2AEC4790003783AC /* SceneDelegate.swift */ = {isa = PBXFileReference; lastKnownFileType = sourcecode.swift; path = SceneDelegate.swift; sourceTree = "<group>"; };
		A906CE0F2AEC4790003783AC /* ViewController.swift */ = {isa = PBXFileReference; lastKnownFileType = sourcecode.swift; path = ViewController.swift; sourceTree = "<group>"; };
		A906CE142AEC4792003783AC /* Assets.xcassets */ = {isa = PBXFileReference; lastKnownFileType = folder.assetcatalog; path = Assets.xcassets; sourceTree = "<group>"; };
		A906CE172AEC4792003783AC /* Base */ = {isa = PBXFileReference; lastKnownFileType = file.storyboard; name = Base; path = Base.lproj/LaunchScreen.storyboard; sourceTree = "<group>"; };
		A906CE192AEC4792003783AC /* Info.plist */ = {isa = PBXFileReference; lastKnownFileType = text.plist.xml; path = Info.plist; sourceTree = "<group>"; };
		A906CE1E2AEC4792003783AC /* მართლა.საბოლოო.დავალებაTests.xctest */ = {isa = PBXFileReference; explicitFileType = wrapper.cfbundle; includeInIndex = 0; path = "მართლა.საბოლოო.დავალებაTests.xctest"; sourceTree = BUILT_PRODUCTS_DIR; };
		A906CE222AEC4792003783AC /* _______________________Tests.swift */ = {isa = PBXFileReference; lastKnownFileType = sourcecode.swift; path = "_______________________Tests.swift"; sourceTree = "<group>"; };
		A906CE282AEC4792003783AC /* მართლა.საბოლოო.დავალებაUITests.xctest */ = {isa = PBXFileReference; explicitFileType = wrapper.cfbundle; includeInIndex = 0; path = "მართლა.საბოლოო.დავალებაUITests.xctest"; sourceTree = BUILT_PRODUCTS_DIR; };
		A906CE2C2AEC4792003783AC /* _______________________UITests.swift */ = {isa = PBXFileReference; lastKnownFileType = sourcecode.swift; path = "_______________________UITests.swift"; sourceTree = "<group>"; };
		A906CE2E2AEC4792003783AC /* _______________________UITestsLaunchTests.swift */ = {isa = PBXFileReference; lastKnownFileType = sourcecode.swift; path = "_______________________UITestsLaunchTests.swift"; sourceTree = "<group>"; };
		A906CE3D2AEC6090003783AC /* HomePageVC.swift */ = {isa = PBXFileReference; lastKnownFileType = sourcecode.swift; path = HomePageVC.swift; sourceTree = "<group>"; };
/* End PBXFileReference section */

/* Begin PBXFrameworksBuildPhase section */
		A906CE052AEC4790003783AC /* Frameworks */ = {
			isa = PBXFrameworksBuildPhase;
			buildActionMask = 2147483647;
			files = (
			);
			runOnlyForDeploymentPostprocessing = 0;
		};
		A906CE1B2AEC4792003783AC /* Frameworks */ = {
			isa = PBXFrameworksBuildPhase;
			buildActionMask = 2147483647;
			files = (
			);
			runOnlyForDeploymentPostprocessing = 0;
		};
		A906CE252AEC4792003783AC /* Frameworks */ = {
			isa = PBXFrameworksBuildPhase;
			buildActionMask = 2147483647;
			files = (
			);
			runOnlyForDeploymentPostprocessing = 0;
		};
/* End PBXFrameworksBuildPhase section */

/* Begin PBXGroup section */
		A906CDFF2AEC4790003783AC = {
			isa = PBXGroup;
			children = (
				A906CE0A2AEC4790003783AC /* მართლა.საბოლოო.დავალება */,
				A906CE212AEC4792003783AC /* მართლა.საბოლოო.დავალებაTests */,
				A906CE2B2AEC4792003783AC /* მართლა.საბოლოო.დავალებაUITests */,
				A906CE092AEC4790003783AC /* Products */,
			);
			sourceTree = "<group>";
		};
		A906CE092AEC4790003783AC /* Products */ = {
			isa = PBXGroup;
			children = (
				A906CE082AEC4790003783AC /* მართლა.საბოლოო.დავალება.app */,
				A906CE1E2AEC4792003783AC /* მართლა.საბოლოო.დავალებაTests.xctest */,
				A906CE282AEC4792003783AC /* მართლა.საბოლოო.დავალებაUITests.xctest */,
			);
			name = Products;
			sourceTree = "<group>";
		};
		A906CE0A2AEC4790003783AC /* მართლა.საბოლოო.დავალება */ = {
			isa = PBXGroup;
			children = (
				A906CE0B2AEC4790003783AC /* AppDelegate.swift */,
				A906CE0D2AEC4790003783AC /* SceneDelegate.swift */,
				A906CE0F2AEC4790003783AC /* ViewController.swift */,
				A906CE3D2AEC6090003783AC /* HomePageVC.swift */,
				A906CE142AEC4792003783AC /* Assets.xcassets */,
				A906CE162AEC4792003783AC /* LaunchScreen.storyboard */,
				A906CE192AEC4792003783AC /* Info.plist */,
			);
			path = "მართლა.საბოლოო.დავალება";
			sourceTree = "<group>";
		};
		A906CE212AEC4792003783AC /* მართლა.საბოლოო.დავალებაTests */ = {
			isa = PBXGroup;
			children = (
				A906CE222AEC4792003783AC /* _______________________Tests.swift */,
			);
			path = "მართლა.საბოლოო.დავალებაTests";
			sourceTree = "<group>";
		};
		A906CE2B2AEC4792003783AC /* მართლა.საბოლოო.დავალებაUITests */ = {
			isa = PBXGroup;
			children = (
				A906CE2C2AEC4792003783AC /* _______________________UITests.swift */,
				A906CE2E2AEC4792003783AC /* _______________________UITestsLaunchTests.swift */,
			);
			path = "მართლა.საბოლოო.დავალებაUITests";
			sourceTree = "<group>";
		};
/* End PBXGroup section */

/* Begin PBXNativeTarget section */
		A906CE072AEC4790003783AC /* მართლა.საბოლოო.დავალება */ = {
			isa = PBXNativeTarget;
			buildConfigurationList = A906CE322AEC4792003783AC /* Build configuration list for PBXNativeTarget "მართლა.საბოლოო.დავალება" */;
			buildPhases = (
				A906CE042AEC4790003783AC /* Sources */,
				A906CE052AEC4790003783AC /* Frameworks */,
				A906CE062AEC4790003783AC /* Resources */,
			);
			buildRules = (
			);
			dependencies = (
			);
			name = "მართლა.საბოლოო.დავალება";
			productName = "მართლა.საბოლოო.დავალება";
			productReference = A906CE082AEC4790003783AC /* მართლა.საბოლოო.დავალება.app */;
			productType = "com.apple.product-type.application";
		};
		A906CE1D2AEC4792003783AC /* მართლა.საბოლოო.დავალებაTests */ = {
			isa = PBXNativeTarget;
			buildConfigurationList = A906CE352AEC4792003783AC /* Build configuration list for PBXNativeTarget "მართლა.საბოლოო.დავალებაTests" */;
			buildPhases = (
				A906CE1A2AEC4792003783AC /* Sources */,
				A906CE1B2AEC4792003783AC /* Frameworks */,
				A906CE1C2AEC4792003783AC /* Resources */,
			);
			buildRules = (
			);
			dependencies = (
				A906CE202AEC4792003783AC /* PBXTargetDependency */,
			);
			name = "მართლა.საბოლოო.დავალებაTests";
			productName = "მართლა.საბოლოო.დავალებაTests";
			productReference = A906CE1E2AEC4792003783AC /* მართლა.საბოლოო.დავალებაTests.xctest */;
			productType = "com.apple.product-type.bundle.unit-test";
		};
		A906CE272AEC4792003783AC /* მართლა.საბოლოო.დავალებაUITests */ = {
			isa = PBXNativeTarget;
			buildConfigurationList = A906CE382AEC4792003783AC /* Build configuration list for PBXNativeTarget "მართლა.საბოლოო.დავალებაUITests" */;
			buildPhases = (
				A906CE242AEC4792003783AC /* Sources */,
				A906CE252AEC4792003783AC /* Frameworks */,
				A906CE262AEC4792003783AC /* Resources */,
			);
			buildRules = (
			);
			dependencies = (
				A906CE2A2AEC4792003783AC /* PBXTargetDependency */,
			);
			name = "მართლა.საბოლოო.დავალებაUITests";
			productName = "მართლა.საბოლოო.დავალებაUITests";
			productReference = A906CE282AEC4792003783AC /* მართლა.საბოლოო.დავალებაUITests.xctest */;
			productType = "com.apple.product-type.bundle.ui-testing";
		};
/* End PBXNativeTarget section */

/* Begin PBXProject section */
		A906CE002AEC4790003783AC /* Project object */ = {
			isa = PBXProject;
			attributes = {
				BuildIndependentTargetsInParallel = 1;
				LastSwiftUpdateCheck = 1500;
				LastUpgradeCheck = 1500;
				TargetAttributes = {
					A906CE072AEC4790003783AC = {
						CreatedOnToolsVersion = 15.0;
					};
					A906CE1D2AEC4792003783AC = {
						CreatedOnToolsVersion = 15.0;
						TestTargetID = A906CE072AEC4790003783AC;
					};
					A906CE272AEC4792003783AC = {
						CreatedOnToolsVersion = 15.0;
						TestTargetID = A906CE072AEC4790003783AC;
					};
				};
			};
			buildConfigurationList = A906CE032AEC4790003783AC /* Build configuration list for PBXProject "მართლა.საბოლოო.დავალება" */;
			compatibilityVersion = "Xcode 14.0";
			developmentRegion = en;
			hasScannedForEncodings = 0;
			knownRegions = (
				en,
				Base,
			);
			mainGroup = A906CDFF2AEC4790003783AC;
			productRefGroup = A906CE092AEC4790003783AC /* Products */;
			projectDirPath = "";
			projectRoot = "";
			targets = (
				A906CE072AEC4790003783AC /* მართლა.საბოლოო.დავალება */,
				A906CE1D2AEC4792003783AC /* მართლა.საბოლოო.დავალებაTests */,
				A906CE272AEC4792003783AC /* მართლა.საბოლოო.დავალებაUITests */,
			);
		};
/* End PBXProject section */

/* Begin PBXResourcesBuildPhase section */
		A906CE062AEC4790003783AC /* Resources */ = {
			isa = PBXResourcesBuildPhase;
			buildActionMask = 2147483647;
			files = (
				A906CE182AEC4792003783AC /* LaunchScreen.storyboard in Resources */,
				A906CE152AEC4792003783AC /* Assets.xcassets in Resources */,
			);
			runOnlyForDeploymentPostprocessing = 0;
		};
		A906CE1C2AEC4792003783AC /* Resources */ = {
			isa = PBXResourcesBuildPhase;
			buildActionMask = 2147483647;
			files = (
			);
			runOnlyForDeploymentPostprocessing = 0;
		};
		A906CE262AEC4792003783AC /* Resources */ = {
			isa = PBXResourcesBuildPhase;
			buildActionMask = 2147483647;
			files = (
			);
			runOnlyForDeploymentPostprocessing = 0;
		};
/* End PBXResourcesBuildPhase section */

/* Begin PBXSourcesBuildPhase section */
		A906CE042AEC4790003783AC /* Sources */ = {
			isa = PBXSourcesBuildPhase;
			buildActionMask = 2147483647;
			files = (
				A906CE102AEC4790003783AC /* ViewController.swift in Sources */,
				A906CE0C2AEC4790003783AC /* AppDelegate.swift in Sources */,
				A906CE3E2AEC6090003783AC /* HomePageVC.swift in Sources */,
				A906CE0E2AEC4790003783AC /* SceneDelegate.swift in Sources */,
			);
			runOnlyForDeploymentPostprocessing = 0;
		};
		A906CE1A2AEC4792003783AC /* Sources */ = {
			isa = PBXSourcesBuildPhase;
			buildActionMask = 2147483647;
			files = (
				A906CE232AEC4792003783AC /* _______________________Tests.swift in Sources */,
			);
			runOnlyForDeploymentPostprocessing = 0;
		};
		A906CE242AEC4792003783AC /* Sources */ = {
			isa = PBXSourcesBuildPhase;
			buildActionMask = 2147483647;
			files = (
				A906CE2F2AEC4792003783AC /* _______________________UITestsLaunchTests.swift in Sources */,
				A906CE2D2AEC4792003783AC /* _______________________UITests.swift in Sources */,
			);
			runOnlyForDeploymentPostprocessing = 0;
		};
/* End PBXSourcesBuildPhase section */

/* Begin PBXTargetDependency section */
		A906CE202AEC4792003783AC /* PBXTargetDependency */ = {
			isa = PBXTargetDependency;
			target = A906CE072AEC4790003783AC /* მართლა.საბოლოო.დავალება */;
			targetProxy = A906CE1F2AEC4792003783AC /* PBXContainerItemProxy */;
		};
		A906CE2A2AEC4792003783AC /* PBXTargetDependency */ = {
			isa = PBXTargetDependency;
			target = A906CE072AEC4790003783AC /* მართლა.საბოლოო.დავალება */;
			targetProxy = A906CE292AEC4792003783AC /* PBXContainerItemProxy */;
		};
/* End PBXTargetDependency section */

/* Begin PBXVariantGroup section */
		A906CE162AEC4792003783AC /* LaunchScreen.storyboard */ = {
			isa = PBXVariantGroup;
			children = (
				A906CE172AEC4792003783AC /* Base */,
			);
			name = LaunchScreen.storyboard;
			sourceTree = "<group>";
		};
/* End PBXVariantGroup section */

/* Begin XCBuildConfiguration section */
		A906CE302AEC4792003783AC /* Debug */ = {
			isa = XCBuildConfiguration;
			buildSettings = {
				ALWAYS_SEARCH_USER_PATHS = NO;
				ASSETCATALOG_COMPILER_GENERATE_SWIFT_ASSET_SYMBOL_EXTENSIONS = YES;
				CLANG_ANALYZER_NONNULL = YES;
				CLANG_ANALYZER_NUMBER_OBJECT_CONVERSION = YES_AGGRESSIVE;
				CLANG_CXX_LANGUAGE_STANDARD = "gnu++20";
				CLANG_ENABLE_MODULES = YES;
				CLANG_ENABLE_OBJC_ARC = YES;
				CLANG_ENABLE_OBJC_WEAK = YES;
				CLANG_WARN_BLOCK_CAPTURE_AUTORELEASING = YES;
				CLANG_WARN_BOOL_CONVERSION = YES;
				CLANG_WARN_COMMA = YES;
				CLANG_WARN_CONSTANT_CONVERSION = YES;
				CLANG_WARN_DEPRECATED_OBJC_IMPLEMENTATIONS = YES;
				CLANG_WARN_DIRECT_OBJC_ISA_USAGE = YES_ERROR;
				CLANG_WARN_DOCUMENTATION_COMMENTS = YES;
				CLANG_WARN_EMPTY_BODY = YES;
				CLANG_WARN_ENUM_CONVERSION = YES;
				CLANG_WARN_INFINITE_RECURSION = YES;
				CLANG_WARN_INT_CONVERSION = YES;
				CLANG_WARN_NON_LITERAL_NULL_CONVERSION = YES;
				CLANG_WARN_OBJC_IMPLICIT_RETAIN_SELF = YES;
				CLANG_WARN_OBJC_LITERAL_CONVERSION = YES;
				CLANG_WARN_OBJC_ROOT_CLASS = YES_ERROR;
				CLANG_WARN_QUOTED_INCLUDE_IN_FRAMEWORK_HEADER = YES;
				CLANG_WARN_RANGE_LOOP_ANALYSIS = YES;
				CLANG_WARN_STRICT_PROTOTYPES = YES;
				CLANG_WARN_SUSPICIOUS_MOVE = YES;
				CLANG_WARN_UNGUARDED_AVAILABILITY = YES_AGGRESSIVE;
				CLANG_WARN_UNREACHABLE_CODE = YES;
				CLANG_WARN__DUPLICATE_METHOD_MATCH = YES;
				COPY_PHASE_STRIP = NO;
				DEBUG_INFORMATION_FORMAT = dwarf;
				ENABLE_STRICT_OBJC_MSGSEND = YES;
				ENABLE_TESTABILITY = YES;
				ENABLE_USER_SCRIPT_SANDBOXING = YES;
				GCC_C_LANGUAGE_STANDARD = gnu17;
				GCC_DYNAMIC_NO_PIC = NO;
				GCC_NO_COMMON_BLOCKS = YES;
				GCC_OPTIMIZATION_LEVEL = 0;
				GCC_PREPROCESSOR_DEFINITIONS = (
					"DEBUG=1",
					"$(inherited)",
				);
				GCC_WARN_64_TO_32_BIT_CONVERSION = YES;
				GCC_WARN_ABOUT_RETURN_TYPE = YES_ERROR;
				GCC_WARN_UNDECLARED_SELECTOR = YES;
				GCC_WARN_UNINITIALIZED_AUTOS = YES_AGGRESSIVE;
				GCC_WARN_UNUSED_FUNCTION = YES;
				GCC_WARN_UNUSED_VARIABLE = YES;
				IPHONEOS_DEPLOYMENT_TARGET = 17.0;
				LOCALIZATION_PREFERS_STRING_CATALOGS = YES;
				MTL_ENABLE_DEBUG_INFO = INCLUDE_SOURCE;
				MTL_FAST_MATH = YES;
				ONLY_ACTIVE_ARCH = YES;
				SDKROOT = iphoneos;
				SWIFT_ACTIVE_COMPILATION_CONDITIONS = "DEBUG $(inherited)";
				SWIFT_OPTIMIZATION_LEVEL = "-Onone";
			};
			name = Debug;
		};
		A906CE312AEC4792003783AC /* Release */ = {
			isa = XCBuildConfiguration;
			buildSettings = {
				ALWAYS_SEARCH_USER_PATHS = NO;
				ASSETCATALOG_COMPILER_GENERATE_SWIFT_ASSET_SYMBOL_EXTENSIONS = YES;
				CLANG_ANALYZER_NONNULL = YES;
				CLANG_ANALYZER_NUMBER_OBJECT_CONVERSION = YES_AGGRESSIVE;
				CLANG_CXX_LANGUAGE_STANDARD = "gnu++20";
				CLANG_ENABLE_MODULES = YES;
				CLANG_ENABLE_OBJC_ARC = YES;
				CLANG_ENABLE_OBJC_WEAK = YES;
				CLANG_WARN_BLOCK_CAPTURE_AUTORELEASING = YES;
				CLANG_WARN_BOOL_CONVERSION = YES;
				CLANG_WARN_COMMA = YES;
				CLANG_WARN_CONSTANT_CONVERSION = YES;
				CLANG_WARN_DEPRECATED_OBJC_IMPLEMENTATIONS = YES;
				CLANG_WARN_DIRECT_OBJC_ISA_USAGE = YES_ERROR;
				CLANG_WARN_DOCUMENTATION_COMMENTS = YES;
				CLANG_WARN_EMPTY_BODY = YES;
				CLANG_WARN_ENUM_CONVERSION = YES;
				CLANG_WARN_INFINITE_RECURSION = YES;
				CLANG_WARN_INT_CONVERSION = YES;
				CLANG_WARN_NON_LITERAL_NULL_CONVERSION = YES;
				CLANG_WARN_OBJC_IMPLICIT_RETAIN_SELF = YES;
				CLANG_WARN_OBJC_LITERAL_CONVERSION = YES;
				CLANG_WARN_OBJC_ROOT_CLASS = YES_ERROR;
				CLANG_WARN_QUOTED_INCLUDE_IN_FRAMEWORK_HEADER = YES;
				CLANG_WARN_RANGE_LOOP_ANALYSIS = YES;
				CLANG_WARN_STRICT_PROTOTYPES = YES;
				CLANG_WARN_SUSPICIOUS_MOVE = YES;
				CLANG_WARN_UNGUARDED_AVAILABILITY = YES_AGGRESSIVE;
				CLANG_WARN_UNREACHABLE_CODE = YES;
				CLANG_WARN__DUPLICATE_METHOD_MATCH = YES;
				COPY_PHASE_STRIP = NO;
				DEBUG_INFORMATION_FORMAT = "dwarf-with-dsym";
				ENABLE_NS_ASSERTIONS = NO;
				ENABLE_STRICT_OBJC_MSGSEND = YES;
				ENABLE_USER_SCRIPT_SANDBOXING = YES;
				GCC_C_LANGUAGE_STANDARD = gnu17;
				GCC_NO_COMMON_BLOCKS = YES;
				GCC_WARN_64_TO_32_BIT_CONVERSION = YES;
				GCC_WARN_ABOUT_RETURN_TYPE = YES_ERROR;
				GCC_WARN_UNDECLARED_SELECTOR = YES;
				GCC_WARN_UNINITIALIZED_AUTOS = YES_AGGRESSIVE;
				GCC_WARN_UNUSED_FUNCTION = YES;
				GCC_WARN_UNUSED_VARIABLE = YES;
				IPHONEOS_DEPLOYMENT_TARGET = 17.0;
				LOCALIZATION_PREFERS_STRING_CATALOGS = YES;
				MTL_ENABLE_DEBUG_INFO = NO;
				MTL_FAST_MATH = YES;
				SDKROOT = iphoneos;
				SWIFT_COMPILATION_MODE = wholemodule;
				VALIDATE_PRODUCT = YES;
			};
			name = Release;
		};
		A906CE332AEC4792003783AC /* Debug */ = {
			isa = XCBuildConfiguration;
			buildSettings = {
				ASSETCATALOG_COMPILER_APPICON_NAME = AppIcon;
				ASSETCATALOG_COMPILER_GLOBAL_ACCENT_COLOR_NAME = AccentColor;
				CODE_SIGN_STYLE = Automatic;
				CURRENT_PROJECT_VERSION = 1;
				GENERATE_INFOPLIST_FILE = YES;
				INFOPLIST_FILE = "მართლა.საბოლოო.დავალება/Info.plist";
				INFOPLIST_KEY_UIApplicationSupportsIndirectInputEvents = YES;
				INFOPLIST_KEY_UILaunchStoryboardName = LaunchScreen;
				INFOPLIST_KEY_UISupportedInterfaceOrientations_iPad = "UIInterfaceOrientationPortrait UIInterfaceOrientationPortraitUpsideDown UIInterfaceOrientationLandscapeLeft UIInterfaceOrientationLandscapeRight";
				INFOPLIST_KEY_UISupportedInterfaceOrientations_iPhone = "UIInterfaceOrientationPortrait UIInterfaceOrientationLandscapeLeft UIInterfaceOrientationLandscapeRight";
				LD_RUNPATH_SEARCH_PATHS = (
					"$(inherited)",
					"@executable_path/Frameworks",
				);
				MARKETING_VERSION = 1.0;
				PRODUCT_BUNDLE_IDENTIFIER = "none.-----------------------";
				PRODUCT_NAME = "$(TARGET_NAME)";
				SWIFT_EMIT_LOC_STRINGS = YES;
				SWIFT_VERSION = 5.0;
				TARGETED_DEVICE_FAMILY = "1,2";
			};
			name = Debug;
		};
		A906CE342AEC4792003783AC /* Release */ = {
			isa = XCBuildConfiguration;
			buildSettings = {
				ASSETCATALOG_COMPILER_APPICON_NAME = AppIcon;
				ASSETCATALOG_COMPILER_GLOBAL_ACCENT_COLOR_NAME = AccentColor;
				CODE_SIGN_STYLE = Automatic;
				CURRENT_PROJECT_VERSION = 1;
				GENERATE_INFOPLIST_FILE = YES;
				INFOPLIST_FILE = "მართლა.საბოლოო.დავალება/Info.plist";
				INFOPLIST_KEY_UIApplicationSupportsIndirectInputEvents = YES;
				INFOPLIST_KEY_UILaunchStoryboardName = LaunchScreen;
				INFOPLIST_KEY_UISupportedInterfaceOrientations_iPad = "UIInterfaceOrientationPortrait UIInterfaceOrientationPortraitUpsideDown UIInterfaceOrientationLandscapeLeft UIInterfaceOrientationLandscapeRight";
				INFOPLIST_KEY_UISupportedInterfaceOrientations_iPhone = "UIInterfaceOrientationPortrait UIInterfaceOrientationLandscapeLeft UIInterfaceOrientationLandscapeRight";
				LD_RUNPATH_SEARCH_PATHS = (
					"$(inherited)",
					"@executable_path/Frameworks",
				);
				MARKETING_VERSION = 1.0;
				PRODUCT_BUNDLE_IDENTIFIER = "none.-----------------------";
				PRODUCT_NAME = "$(TARGET_NAME)";
				SWIFT_EMIT_LOC_STRINGS = YES;
				SWIFT_VERSION = 5.0;
				TARGETED_DEVICE_FAMILY = "1,2";
			};
			name = Release;
		};
		A906CE362AEC4792003783AC /* Debug */ = {
			isa = XCBuildConfiguration;
			buildSettings = {
				ALWAYS_EMBED_SWIFT_STANDARD_LIBRARIES = YES;
				BUNDLE_LOADER = "$(TEST_HOST)";
				CODE_SIGN_STYLE = Automatic;
				CURRENT_PROJECT_VERSION = 1;
				GENERATE_INFOPLIST_FILE = YES;
				IPHONEOS_DEPLOYMENT_TARGET = 17.0;
				MARKETING_VERSION = 1.0;
				PRODUCT_BUNDLE_IDENTIFIER = "none.-----------------------Tests";
				PRODUCT_NAME = "$(TARGET_NAME)";
				SWIFT_EMIT_LOC_STRINGS = NO;
				SWIFT_VERSION = 5.0;
				TARGETED_DEVICE_FAMILY = "1,2";
				TEST_HOST = "$(BUILT_PRODUCTS_DIR)/მართლა.საბოლოო.დავალება.app/$(BUNDLE_EXECUTABLE_FOLDER_PATH)/მართლა.საბოლოო.დავალება";
			};
			name = Debug;
		};
		A906CE372AEC4792003783AC /* Release */ = {
			isa = XCBuildConfiguration;
			buildSettings = {
				ALWAYS_EMBED_SWIFT_STANDARD_LIBRARIES = YES;
				BUNDLE_LOADER = "$(TEST_HOST)";
				CODE_SIGN_STYLE = Automatic;
				CURRENT_PROJECT_VERSION = 1;
				GENERATE_INFOPLIST_FILE = YES;
				IPHONEOS_DEPLOYMENT_TARGET = 17.0;
				MARKETING_VERSION = 1.0;
				PRODUCT_BUNDLE_IDENTIFIER = "none.-----------------------Tests";
				PRODUCT_NAME = "$(TARGET_NAME)";
				SWIFT_EMIT_LOC_STRINGS = NO;
				SWIFT_VERSION = 5.0;
				TARGETED_DEVICE_FAMILY = "1,2";
				TEST_HOST = "$(BUILT_PRODUCTS_DIR)/მართლა.საბოლოო.დავალება.app/$(BUNDLE_EXECUTABLE_FOLDER_PATH)/მართლა.საბოლოო.დავალება";
			};
			name = Release;
		};
		A906CE392AEC4792003783AC /* Debug */ = {
			isa = XCBuildConfiguration;
			buildSettings = {
				ALWAYS_EMBED_SWIFT_STANDARD_LIBRARIES = YES;
				CODE_SIGN_STYLE = Automatic;
				CURRENT_PROJECT_VERSION = 1;
				GENERATE_INFOPLIST_FILE = YES;
				MARKETING_VERSION = 1.0;
				PRODUCT_BUNDLE_IDENTIFIER = "none.-----------------------UITests";
				PRODUCT_NAME = "$(TARGET_NAME)";
				SWIFT_EMIT_LOC_STRINGS = NO;
				SWIFT_VERSION = 5.0;
				TARGETED_DEVICE_FAMILY = "1,2";
				TEST_TARGET_NAME = "მართლა.საბოლოო.დავალება";
			};
			name = Debug;
		};
		A906CE3A2AEC4792003783AC /* Release */ = {
			isa = XCBuildConfiguration;
			buildSettings = {
				ALWAYS_EMBED_SWIFT_STANDARD_LIBRARIES = YES;
				CODE_SIGN_STYLE = Automatic;
				CURRENT_PROJECT_VERSION = 1;
				GENERATE_INFOPLIST_FILE = YES;
				MARKETING_VERSION = 1.0;
				PRODUCT_BUNDLE_IDENTIFIER = "none.-----------------------UITests";
				PRODUCT_NAME = "$(TARGET_NAME)";
				SWIFT_EMIT_LOC_STRINGS = NO;
				SWIFT_VERSION = 5.0;
				TARGETED_DEVICE_FAMILY = "1,2";
				TEST_TARGET_NAME = "მართლა.საბოლოო.დავალება";
			};
			name = Release;
		};
/* End XCBuildConfiguration section */

/* Begin XCConfigurationList section */
		A906CE032AEC4790003783AC /* Build configuration list for PBXProject "მართლა.საბოლოო.დავალება" */ = {
			isa = XCConfigurationList;
			buildConfigurations = (
				A906CE302AEC4792003783AC /* Debug */,
				A906CE312AEC4792003783AC /* Release */,
			);
			defaultConfigurationIsVisible = 0;
			defaultConfigurationName = Release;
		};
		A906CE322AEC4792003783AC /* Build configuration list for PBXNativeTarget "მართლა.საბოლოო.დავალება" */ = {
			isa = XCConfigurationList;
			buildConfigurations = (
				A906CE332AEC4792003783AC /* Debug */,
				A906CE342AEC4792003783AC /* Release */,
			);
			defaultConfigurationIsVisible = 0;
			defaultConfigurationName = Release;
		};
		A906CE352AEC4792003783AC /* Build configuration list for PBXNativeTarget "მართლა.საბოლოო.დავალებაTests" */ = {
			isa = XCConfigurationList;
			buildConfigurations = (
				A906CE362AEC4792003783AC /* Debug */,
				A906CE372AEC4792003783AC /* Release */,
			);
			defaultConfigurationIsVisible = 0;
			defaultConfigurationName = Release;
		};
		A906CE382AEC4792003783AC /* Build configuration list for PBXNativeTarget "მართლა.საბოლოო.დავალებაUITests" */ = {
			isa = XCConfigurationList;
			buildConfigurations = (
				A906CE392AEC4792003783AC /* Debug */,
				A906CE3A2AEC4792003783AC /* Release */,
			);
			defaultConfigurationIsVisible = 0;
			defaultConfigurationName = Release;
		};
/* End XCConfigurationList section */
	};
	rootObject = A906CE002AEC4790003783AC /* Project object */;
}
